// !$*UTF8*$!
{
	archiveVersion = 1;
	classes = {
	};
	objectVersion = 77;
	objects = {

/* Begin PBXBuildFile section */
		C1E847D72CF904B800F0FC9C /* WidgetKit.framework in Frameworks */ = {isa = PBXBuildFile; fileRef = C1E847D62CF904B800F0FC9C /* WidgetKit.framework */; };
		C1E847D92CF904B800F0FC9C /* SwiftUI.framework in Frameworks */ = {isa = PBXBuildFile; fileRef = C1E847D82CF904B800F0FC9C /* SwiftUI.framework */; };
		C1E847E42CF904B900F0FC9C /* NotificationWidgetExtension.appex in Embed Foundation Extensions */ = {isa = PBXBuildFile; fileRef = C1E847D42CF904B800F0FC9C /* NotificationWidgetExtension.appex */; settings = {ATTRIBUTES = (RemoveHeadersOnCopy, ); }; };
/* End PBXBuildFile section */

/* Begin PBXContainerItemProxy section */
		C1E847B12CF8FD6800F0FC9C /* PBXContainerItemProxy */ = {
			isa = PBXContainerItemProxy;
			containerPortal = C1E847982CF8FD6600F0FC9C /* Project object */;
			proxyType = 1;
			remoteGlobalIDString = C1E8479F2CF8FD6700F0FC9C;
			remoteInfo = dynamicIslandNotificationTest;
		};
		C1E847BB2CF8FD6800F0FC9C /* PBXContainerItemProxy */ = {
			isa = PBXContainerItemProxy;
			containerPortal = C1E847982CF8FD6600F0FC9C /* Project object */;
			proxyType = 1;
			remoteGlobalIDString = C1E8479F2CF8FD6700F0FC9C;
			remoteInfo = dynamicIslandNotificationTest;
		};
		C1E847E22CF904B900F0FC9C /* PBXContainerItemProxy */ = {
			isa = PBXContainerItemProxy;
			containerPortal = C1E847982CF8FD6600F0FC9C /* Project object */;
			proxyType = 1;
			remoteGlobalIDString = C1E847D32CF904B800F0FC9C;
			remoteInfo = NotificationWidgetExtension;
		};
/* End PBXContainerItemProxy section */

/* Begin PBXCopyFilesBuildPhase section */
		C1E847E92CF904B900F0FC9C /* Embed Foundation Extensions */ = {
			isa = PBXCopyFilesBuildPhase;
			buildActionMask = 2147483647;
			dstPath = "";
			dstSubfolderSpec = 13;
			files = (
				C1E847E42CF904B900F0FC9C /* NotificationWidgetExtension.appex in Embed Foundation Extensions */,
			);
			name = "Embed Foundation Extensions";
			runOnlyForDeploymentPostprocessing = 0;
		};
/* End PBXCopyFilesBuildPhase section */

/* Begin PBXFileReference section */
		C1E847A02CF8FD6700F0FC9C /* dynamicIslandNotificationTest.app */ = {isa = PBXFileReference; explicitFileType = wrapper.application; includeInIndex = 0; path = dynamicIslandNotificationTest.app; sourceTree = BUILT_PRODUCTS_DIR; };
		C1E847B02CF8FD6800F0FC9C /* dynamicIslandNotificationTestTests.xctest */ = {isa = PBXFileReference; explicitFileType = wrapper.cfbundle; includeInIndex = 0; path = dynamicIslandNotificationTestTests.xctest; sourceTree = BUILT_PRODUCTS_DIR; };
		C1E847BA2CF8FD6800F0FC9C /* dynamicIslandNotificationTestUITests.xctest */ = {isa = PBXFileReference; explicitFileType = wrapper.cfbundle; includeInIndex = 0; path = dynamicIslandNotificationTestUITests.xctest; sourceTree = BUILT_PRODUCTS_DIR; };
		C1E847D42CF904B800F0FC9C /* NotificationWidgetExtension.appex */ = {isa = PBXFileReference; explicitFileType = "wrapper.app-extension"; includeInIndex = 0; path = NotificationWidgetExtension.appex; sourceTree = BUILT_PRODUCTS_DIR; };
		C1E847D62CF904B800F0FC9C /* WidgetKit.framework */ = {isa = PBXFileReference; lastKnownFileType = wrapper.framework; name = WidgetKit.framework; path = System/Library/Frameworks/WidgetKit.framework; sourceTree = SDKROOT; };
		C1E847D82CF904B800F0FC9C /* SwiftUI.framework */ = {isa = PBXFileReference; lastKnownFileType = wrapper.framework; name = SwiftUI.framework; path = System/Library/Frameworks/SwiftUI.framework; sourceTree = SDKROOT; };
/* End PBXFileReference section */

/* Begin PBXFileSystemSynchronizedBuildFileExceptionSet section */
		C1E847E52CF904B900F0FC9C /* Exceptions for "NotificationWidget" folder in "NotificationWidgetExtension" target */ = {
			isa = PBXFileSystemSynchronizedBuildFileExceptionSet;
			membershipExceptions = (
				Info.plist,
			);
			target = C1E847D32CF904B800F0FC9C /* NotificationWidgetExtension */;
		};
		C1E847EB2CF9054800F0FC9C /* Exceptions for "dynamicIslandNotificationTest" folder in "NotificationWidgetExtension" target */ = {
			isa = PBXFileSystemSynchronizedBuildFileExceptionSet;
			membershipExceptions = (
				ContentView.swift,
				NotificationAttributes.swift,
			);
			target = C1E847D32CF904B800F0FC9C /* NotificationWidgetExtension */;
		};
/* End PBXFileSystemSynchronizedBuildFileExceptionSet section */

/* Begin PBXFileSystemSynchronizedRootGroup section */
		C1E847A22CF8FD6700F0FC9C /* dynamicIslandNotificationTest */ = {
			isa = PBXFileSystemSynchronizedRootGroup;
			exceptions = (
				C1E847EB2CF9054800F0FC9C /* Exceptions for "dynamicIslandNotificationTest" folder in "NotificationWidgetExtension" target */,
			);
			path = dynamicIslandNotificationTest;
			sourceTree = "<group>";
		};
		C1E847B32CF8FD6800F0FC9C /* dynamicIslandNotificationTestTests */ = {
			isa = PBXFileSystemSynchronizedRootGroup;
			path = dynamicIslandNotificationTestTests;
			sourceTree = "<group>";
		};
		C1E847BD2CF8FD6800F0FC9C /* dynamicIslandNotificationTestUITests */ = {
			isa = PBXFileSystemSynchronizedRootGroup;
			path = dynamicIslandNotificationTestUITests;
			sourceTree = "<group>";
		};
		C1E847DA2CF904B800F0FC9C /* NotificationWidget */ = {
			isa = PBXFileSystemSynchronizedRootGroup;
			exceptions = (
				C1E847E52CF904B900F0FC9C /* Exceptions for "NotificationWidget" folder in "NotificationWidgetExtension" target */,
			);
			path = NotificationWidget;
			sourceTree = "<group>";
		};
/* End PBXFileSystemSynchronizedRootGroup section */

/* Begin PBXFrameworksBuildPhase section */
		C1E8479D2CF8FD6700F0FC9C /* Frameworks */ = {
			isa = PBXFrameworksBuildPhase;
			buildActionMask = 2147483647;
			files = (
			);
			runOnlyForDeploymentPostprocessing = 0;
		};
		C1E847AD2CF8FD6800F0FC9C /* Frameworks */ = {
			isa = PBXFrameworksBuildPhase;
			buildActionMask = 2147483647;
			files = (
			);
			runOnlyForDeploymentPostprocessing = 0;
		};
		C1E847B72CF8FD6800F0FC9C /* Frameworks */ = {
			isa = PBXFrameworksBuildPhase;
			buildActionMask = 2147483647;
			files = (
			);
			runOnlyForDeploymentPostprocessing = 0;
		};
		C1E847D12CF904B800F0FC9C /* Frameworks */ = {
			isa = PBXFrameworksBuildPhase;
			buildActionMask = 2147483647;
			files = (
				C1E847D92CF904B800F0FC9C /* SwiftUI.framework in Frameworks */,
				C1E847D72CF904B800F0FC9C /* WidgetKit.framework in Frameworks */,
			);
			runOnlyForDeploymentPostprocessing = 0;
		};
/* End PBXFrameworksBuildPhase section */

/* Begin PBXGroup section */
		C1E847972CF8FD6600F0FC9C = {
			isa = PBXGroup;
			children = (
				C1E847A22CF8FD6700F0FC9C /* dynamicIslandNotificationTest */,
				C1E847B32CF8FD6800F0FC9C /* dynamicIslandNotificationTestTests */,
				C1E847BD2CF8FD6800F0FC9C /* dynamicIslandNotificationTestUITests */,
				C1E847DA2CF904B800F0FC9C /* NotificationWidget */,
				C1E847D52CF904B800F0FC9C /* Frameworks */,
				C1E847A12CF8FD6700F0FC9C /* Products */,
			);
			sourceTree = "<group>";
		};
		C1E847A12CF8FD6700F0FC9C /* Products */ = {
			isa = PBXGroup;
			children = (
				C1E847A02CF8FD6700F0FC9C /* dynamicIslandNotificationTest.app */,
				C1E847B02CF8FD6800F0FC9C /* dynamicIslandNotificationTestTests.xctest */,
				C1E847BA2CF8FD6800F0FC9C /* dynamicIslandNotificationTestUITests.xctest */,
				C1E847D42CF904B800F0FC9C /* NotificationWidgetExtension.appex */,
			);
			name = Products;
			sourceTree = "<group>";
		};
		C1E847D52CF904B800F0FC9C /* Frameworks */ = {
			isa = PBXGroup;
			children = (
				C1E847D62CF904B800F0FC9C /* WidgetKit.framework */,
				C1E847D82CF904B800F0FC9C /* SwiftUI.framework */,
			);
			name = Frameworks;
			sourceTree = "<group>";
		};
/* End PBXGroup section */

/* Begin PBXNativeTarget section */
		C1E8479F2CF8FD6700F0FC9C /* dynamicIslandNotificationTest */ = {
			isa = PBXNativeTarget;
			buildConfigurationList = C1E847C42CF8FD6800F0FC9C /* Build configuration list for PBXNativeTarget "dynamicIslandNotificationTest" */;
			buildPhases = (
				C1E8479C2CF8FD6700F0FC9C /* Sources */,
				C1E8479D2CF8FD6700F0FC9C /* Frameworks */,
				C1E8479E2CF8FD6700F0FC9C /* Resources */,
				C1E847E92CF904B900F0FC9C /* Embed Foundation Extensions */,
			);
			buildRules = (
			);
			dependencies = (
				C1E847E32CF904B900F0FC9C /* PBXTargetDependency */,
			);
			fileSystemSynchronizedGroups = (
				C1E847A22CF8FD6700F0FC9C /* dynamicIslandNotificationTest */,
			);
			name = dynamicIslandNotificationTest;
			packageProductDependencies = (
			);
			productName = dynamicIslandNotificationTest;
			productReference = C1E847A02CF8FD6700F0FC9C /* dynamicIslandNotificationTest.app */;
			productType = "com.apple.product-type.application";
		};
		C1E847AF2CF8FD6800F0FC9C /* dynamicIslandNotificationTestTests */ = {
			isa = PBXNativeTarget;
			buildConfigurationList = C1E847C72CF8FD6800F0FC9C /* Build configuration list for PBXNativeTarget "dynamicIslandNotificationTestTests" */;
			buildPhases = (
				C1E847AC2CF8FD6800F0FC9C /* Sources */,
				C1E847AD2CF8FD6800F0FC9C /* Frameworks */,
				C1E847AE2CF8FD6800F0FC9C /* Resources */,
			);
			buildRules = (
			);
			dependencies = (
				C1E847B22CF8FD6800F0FC9C /* PBXTargetDependency */,
			);
			fileSystemSynchronizedGroups = (
				C1E847B32CF8FD6800F0FC9C /* dynamicIslandNotificationTestTests */,
			);
			name = dynamicIslandNotificationTestTests;
			packageProductDependencies = (
			);
			productName = dynamicIslandNotificationTestTests;
			productReference = C1E847B02CF8FD6800F0FC9C /* dynamicIslandNotificationTestTests.xctest */;
			productType = "com.apple.product-type.bundle.unit-test";
		};
		C1E847B92CF8FD6800F0FC9C /* dynamicIslandNotificationTestUITests */ = {
			isa = PBXNativeTarget;
			buildConfigurationList = C1E847CA2CF8FD6800F0FC9C /* Build configuration list for PBXNativeTarget "dynamicIslandNotificationTestUITests" */;
			buildPhases = (
				C1E847B62CF8FD6800F0FC9C /* Sources */,
				C1E847B72CF8FD6800F0FC9C /* Frameworks */,
				C1E847B82CF8FD6800F0FC9C /* Resources */,
			);
			buildRules = (
			);
			dependencies = (
				C1E847BC2CF8FD6800F0FC9C /* PBXTargetDependency */,
			);
			fileSystemSynchronizedGroups = (
				C1E847BD2CF8FD6800F0FC9C /* dynamicIslandNotificationTestUITests */,
			);
			name = dynamicIslandNotificationTestUITests;
			packageProductDependencies = (
			);
			productName = dynamicIslandNotificationTestUITests;
			productReference = C1E847BA2CF8FD6800F0FC9C /* dynamicIslandNotificationTestUITests.xctest */;
			productType = "com.apple.product-type.bundle.ui-testing";
		};
		C1E847D32CF904B800F0FC9C /* NotificationWidgetExtension */ = {
			isa = PBXNativeTarget;
			buildConfigurationList = C1E847E62CF904B900F0FC9C /* Build configuration list for PBXNativeTarget "NotificationWidgetExtension" */;
			buildPhases = (
				C1E847D02CF904B800F0FC9C /* Sources */,
				C1E847D12CF904B800F0FC9C /* Frameworks */,
				C1E847D22CF904B800F0FC9C /* Resources */,
			);
			buildRules = (
			);
			dependencies = (
			);
			fileSystemSynchronizedGroups = (
				C1E847DA2CF904B800F0FC9C /* NotificationWidget */,
			);
			name = NotificationWidgetExtension;
			packageProductDependencies = (
			);
			productName = NotificationWidgetExtension;
			productReference = C1E847D42CF904B800F0FC9C /* NotificationWidgetExtension.appex */;
			productType = "com.apple.product-type.app-extension";
		};
/* End PBXNativeTarget section */

/* Begin PBXProject section */
		C1E847982CF8FD6600F0FC9C /* Project object */ = {
			isa = PBXProject;
			attributes = {
				BuildIndependentTargetsInParallel = 1;
				LastSwiftUpdateCheck = 1610;
				LastUpgradeCheck = 1610;
				TargetAttributes = {
					C1E8479F2CF8FD6700F0FC9C = {
						CreatedOnToolsVersion = 16.1;
					};
					C1E847AF2CF8FD6800F0FC9C = {
						CreatedOnToolsVersion = 16.1;
						TestTargetID = C1E8479F2CF8FD6700F0FC9C;
					};
					C1E847B92CF8FD6800F0FC9C = {
						CreatedOnToolsVersion = 16.1;
						TestTargetID = C1E8479F2CF8FD6700F0FC9C;
					};
					C1E847D32CF904B800F0FC9C = {
						CreatedOnToolsVersion = 16.1;
					};
				};
			};
			buildConfigurationList = C1E8479B2CF8FD6600F0FC9C /* Build configuration list for PBXProject "dynamicIslandNotificationTest" */;
			developmentRegion = en;
			hasScannedForEncodings = 0;
			knownRegions = (
				en,
				Base,
			);
			mainGroup = C1E847972CF8FD6600F0FC9C;
			minimizedProjectReferenceProxies = 1;
			preferredProjectObjectVersion = 77;
			productRefGroup = C1E847A12CF8FD6700F0FC9C /* Products */;
			projectDirPath = "";
			projectRoot = "";
			targets = (
				C1E8479F2CF8FD6700F0FC9C /* dynamicIslandNotificationTest */,
				C1E847AF2CF8FD6800F0FC9C /* dynamicIslandNotificationTestTests */,
				C1E847B92CF8FD6800F0FC9C /* dynamicIslandNotificationTestUITests */,
				C1E847D32CF904B800F0FC9C /* NotificationWidgetExtension */,
			);
		};
/* End PBXProject section */

/* Begin PBXResourcesBuildPhase section */
		C1E8479E2CF8FD6700F0FC9C /* Resources */ = {
			isa = PBXResourcesBuildPhase;
			buildActionMask = 2147483647;
			files = (
			);
			runOnlyForDeploymentPostprocessing = 0;
		};
		C1E847AE2CF8FD6800F0FC9C /* Resources */ = {
			isa = PBXResourcesBuildPhase;
			buildActionMask = 2147483647;
			files = (
			);
			runOnlyForDeploymentPostprocessing = 0;
		};
		C1E847B82CF8FD6800F0FC9C /* Resources */ = {
			isa = PBXResourcesBuildPhase;
			buildActionMask = 2147483647;
			files = (
			);
			runOnlyForDeploymentPostprocessing = 0;
		};
		C1E847D22CF904B800F0FC9C /* Resources */ = {
			isa = PBXResourcesBuildPhase;
			buildActionMask = 2147483647;
			files = (
			);
			runOnlyForDeploymentPostprocessing = 0;
		};
/* End PBXResourcesBuildPhase section */

/* Begin PBXSourcesBuildPhase section */
		C1E8479C2CF8FD6700F0FC9C /* Sources */ = {
			isa = PBXSourcesBuildPhase;
			buildActionMask = 2147483647;
			files = (
			);
			runOnlyForDeploymentPostprocessing = 0;
		};
		C1E847AC2CF8FD6800F0FC9C /* Sources */ = {
			isa = PBXSourcesBuildPhase;
			buildActionMask = 2147483647;
			files = (
			);
			runOnlyForDeploymentPostprocessing = 0;
		};
		C1E847B62CF8FD6800F0FC9C /* Sources */ = {
			isa = PBXSourcesBuildPhase;
			buildActionMask = 2147483647;
			files = (
			);
			runOnlyForDeploymentPostprocessing = 0;
		};
		C1E847D02CF904B800F0FC9C /* Sources */ = {
			isa = PBXSourcesBuildPhase;
			buildActionMask = 2147483647;
			files = (
			);
			runOnlyForDeploymentPostprocessing = 0;
		};
/* End PBXSourcesBuildPhase section */

/* Begin PBXTargetDependency section */
		C1E847B22CF8FD6800F0FC9C /* PBXTargetDependency */ = {
			isa = PBXTargetDependency;
			target = C1E8479F2CF8FD6700F0FC9C /* dynamicIslandNotificationTest */;
			targetProxy = C1E847B12CF8FD6800F0FC9C /* PBXContainerItemProxy */;
		};
		C1E847BC2CF8FD6800F0FC9C /* PBXTargetDependency */ = {
			isa = PBXTargetDependency;
			target = C1E8479F2CF8FD6700F0FC9C /* dynamicIslandNotificationTest */;
			targetProxy = C1E847BB2CF8FD6800F0FC9C /* PBXContainerItemProxy */;
		};
		C1E847E32CF904B900F0FC9C /* PBXTargetDependency */ = {
			isa = PBXTargetDependency;
			target = C1E847D32CF904B800F0FC9C /* NotificationWidgetExtension */;
			targetProxy = C1E847E22CF904B900F0FC9C /* PBXContainerItemProxy */;
		};
/* End PBXTargetDependency section */

/* Begin XCBuildConfiguration section */
		C1E847C22CF8FD6800F0FC9C /* Debug */ = {
			isa = XCBuildConfiguration;
			buildSettings = {
				ALWAYS_SEARCH_USER_PATHS = NO;
				ASSETCATALOG_COMPILER_GENERATE_SWIFT_ASSET_SYMBOL_EXTENSIONS = YES;
				CLANG_ANALYZER_NONNULL = YES;
				CLANG_ANALYZER_NUMBER_OBJECT_CONVERSION = YES_AGGRESSIVE;
				CLANG_CXX_LANGUAGE_STANDARD = "gnu++20";
				CLANG_ENABLE_MODULES = YES;
				CLANG_ENABLE_OBJC_ARC = YES;
				CLANG_ENABLE_OBJC_WEAK = YES;
				CLANG_WARN_BLOCK_CAPTURE_AUTORELEASING = YES;
				CLANG_WARN_BOOL_CONVERSION = YES;
				CLANG_WARN_COMMA = YES;
				CLANG_WARN_CONSTANT_CONVERSION = YES;
				CLANG_WARN_DEPRECATED_OBJC_IMPLEMENTATIONS = YES;
				CLANG_WARN_DIRECT_OBJC_ISA_USAGE = YES_ERROR;
				CLANG_WARN_DOCUMENTATION_COMMENTS = YES;
				CLANG_WARN_EMPTY_BODY = YES;
				CLANG_WARN_ENUM_CONVERSION = YES;
				CLANG_WARN_INFINITE_RECURSION = YES;
				CLANG_WARN_INT_CONVERSION = YES;
				CLANG_WARN_NON_LITERAL_NULL_CONVERSION = YES;
				CLANG_WARN_OBJC_IMPLICIT_RETAIN_SELF = YES;
				CLANG_WARN_OBJC_LITERAL_CONVERSION = YES;
				CLANG_WARN_OBJC_ROOT_CLASS = YES_ERROR;
				CLANG_WARN_QUOTED_INCLUDE_IN_FRAMEWORK_HEADER = YES;
				CLANG_WARN_RANGE_LOOP_ANALYSIS = YES;
				CLANG_WARN_STRICT_PROTOTYPES = YES;
				CLANG_WARN_SUSPICIOUS_MOVE = YES;
				CLANG_WARN_UNGUARDED_AVAILABILITY = YES_AGGRESSIVE;
				CLANG_WARN_UNREACHABLE_CODE = YES;
				CLANG_WARN__DUPLICATE_METHOD_MATCH = YES;
				COPY_PHASE_STRIP = NO;
				DEBUG_INFORMATION_FORMAT = dwarf;
				ENABLE_STRICT_OBJC_MSGSEND = YES;
				ENABLE_TESTABILITY = YES;
				ENABLE_USER_SCRIPT_SANDBOXING = YES;
				GCC_C_LANGUAGE_STANDARD = gnu17;
				GCC_DYNAMIC_NO_PIC = NO;
				GCC_NO_COMMON_BLOCKS = YES;
				GCC_OPTIMIZATION_LEVEL = 0;
				GCC_PREPROCESSOR_DEFINITIONS = (
					"DEBUG=1",
					"$(inherited)",
				);
				GCC_WARN_64_TO_32_BIT_CONVERSION = YES;
				GCC_WARN_ABOUT_RETURN_TYPE = YES_ERROR;
				GCC_WARN_UNDECLARED_SELECTOR = YES;
				GCC_WARN_UNINITIALIZED_AUTOS = YES_AGGRESSIVE;
				GCC_WARN_UNUSED_FUNCTION = YES;
				GCC_WARN_UNUSED_VARIABLE = YES;
				IPHONEOS_DEPLOYMENT_TARGET = 18.1;
				LOCALIZATION_PREFERS_STRING_CATALOGS = YES;
				MTL_ENABLE_DEBUG_INFO = INCLUDE_SOURCE;
				MTL_FAST_MATH = YES;
				ONLY_ACTIVE_ARCH = YES;
				SDKROOT = iphoneos;
				SWIFT_ACTIVE_COMPILATION_CONDITIONS = "DEBUG $(inherited)";
				SWIFT_OPTIMIZATION_LEVEL = "-Onone";
			};
			name = Debug;
		};
		C1E847C32CF8FD6800F0FC9C /* Release */ = {
			isa = XCBuildConfiguration;
			buildSettings = {
				ALWAYS_SEARCH_USER_PATHS = NO;
				ASSETCATALOG_COMPILER_GENERATE_SWIFT_ASSET_SYMBOL_EXTENSIONS = YES;
				CLANG_ANALYZER_NONNULL = YES;
				CLANG_ANALYZER_NUMBER_OBJECT_CONVERSION = YES_AGGRESSIVE;
				CLANG_CXX_LANGUAGE_STANDARD = "gnu++20";
				CLANG_ENABLE_MODULES = YES;
				CLANG_ENABLE_OBJC_ARC = YES;
				CLANG_ENABLE_OBJC_WEAK = YES;
				CLANG_WARN_BLOCK_CAPTURE_AUTORELEASING = YES;
				CLANG_WARN_BOOL_CONVERSION = YES;
				CLANG_WARN_COMMA = YES;
				CLANG_WARN_CONSTANT_CONVERSION = YES;
				CLANG_WARN_DEPRECATED_OBJC_IMPLEMENTATIONS = YES;
				CLANG_WARN_DIRECT_OBJC_ISA_USAGE = YES_ERROR;
				CLANG_WARN_DOCUMENTATION_COMMENTS = YES;
				CLANG_WARN_EMPTY_BODY = YES;
				CLANG_WARN_ENUM_CONVERSION = YES;
				CLANG_WARN_INFINITE_RECURSION = YES;
				CLANG_WARN_INT_CONVERSION = YES;
				CLANG_WARN_NON_LITERAL_NULL_CONVERSION = YES;
				CLANG_WARN_OBJC_IMPLICIT_RETAIN_SELF = YES;
				CLANG_WARN_OBJC_LITERAL_CONVERSION = YES;
				CLANG_WARN_OBJC_ROOT_CLASS = YES_ERROR;
				CLANG_WARN_QUOTED_INCLUDE_IN_FRAMEWORK_HEADER = YES;
				CLANG_WARN_RANGE_LOOP_ANALYSIS = YES;
				CLANG_WARN_STRICT_PROTOTYPES = YES;
				CLANG_WARN_SUSPICIOUS_MOVE = YES;
				CLANG_WARN_UNGUARDED_AVAILABILITY = YES_AGGRESSIVE;
				CLANG_WARN_UNREACHABLE_CODE = YES;
				CLANG_WARN__DUPLICATE_METHOD_MATCH = YES;
				COPY_PHASE_STRIP = NO;
				DEBUG_INFORMATION_FORMAT = "dwarf-with-dsym";
				ENABLE_NS_ASSERTIONS = NO;
				ENABLE_STRICT_OBJC_MSGSEND = YES;
				ENABLE_USER_SCRIPT_SANDBOXING = YES;
				GCC_C_LANGUAGE_STANDARD = gnu17;
				GCC_NO_COMMON_BLOCKS = YES;
				GCC_WARN_64_TO_32_BIT_CONVERSION = YES;
				GCC_WARN_ABOUT_RETURN_TYPE = YES_ERROR;
				GCC_WARN_UNDECLARED_SELECTOR = YES;
				GCC_WARN_UNINITIALIZED_AUTOS = YES_AGGRESSIVE;
				GCC_WARN_UNUSED_FUNCTION = YES;
				GCC_WARN_UNUSED_VARIABLE = YES;
				IPHONEOS_DEPLOYMENT_TARGET = 18.1;
				LOCALIZATION_PREFERS_STRING_CATALOGS = YES;
				MTL_ENABLE_DEBUG_INFO = NO;
				MTL_FAST_MATH = YES;
				SDKROOT = iphoneos;
				SWIFT_COMPILATION_MODE = wholemodule;
				VALIDATE_PRODUCT = YES;
			};
			name = Release;
		};
		C1E847C52CF8FD6800F0FC9C /* Debug */ = {
			isa = XCBuildConfiguration;
			buildSettings = {
				ASSETCATALOG_COMPILER_APPICON_NAME = AppIcon;
				ASSETCATALOG_COMPILER_GLOBAL_ACCENT_COLOR_NAME = AccentColor;
				CODE_SIGN_STYLE = Automatic;
				CURRENT_PROJECT_VERSION = 1;
				DEVELOPMENT_ASSET_PATHS = "\"dynamicIslandNotificationTest/Preview Content\"";
				DEVELOPMENT_TEAM = 2395GXY864;
				ENABLE_PREVIEWS = YES;
				GENERATE_INFOPLIST_FILE = YES;
				INFOPLIST_KEY_CFBundleDisplayName = "Apple Newton";
				INFOPLIST_KEY_NSSupportsLiveActivities = YES;
				INFOPLIST_KEY_UIApplicationSceneManifest_Generation = YES;
				INFOPLIST_KEY_UIApplicationSupportsIndirectInputEvents = YES;
				INFOPLIST_KEY_UILaunchScreen_Generation = YES;
				INFOPLIST_KEY_UISupportedInterfaceOrientations = "UIInterfaceOrientationLandscapeLeft UIInterfaceOrientationLandscapeRight UIInterfaceOrientationPortrait";
				INFOPLIST_KEY_UISupportedInterfaceOrientations_iPad = "UIInterfaceOrientationLandscapeRight UIInterfaceOrientationPortrait UIInterfaceOrientationPortraitUpsideDown";
				LD_RUNPATH_SEARCH_PATHS = (
					"$(inherited)",
					"@executable_path/Frameworks",
				);
				MARKETING_VERSION = 1.0;
				PRODUCT_BUNDLE_IDENTIFIER = DPG.dynamicIslandNotificationTest;
				PRODUCT_NAME = "$(TARGET_NAME)";
				SWIFT_EMIT_LOC_STRINGS = YES;
				SWIFT_VERSION = 5.0;
				TARGETED_DEVICE_FAMILY = "1,2";
			};
			name = Debug;
		};
		C1E847C62CF8FD6800F0FC9C /* Release */ = {
			isa = XCBuildConfiguration;
			buildSettings = {
				ASSETCATALOG_COMPILER_APPICON_NAME = AppIcon;
				ASSETCATALOG_COMPILER_GLOBAL_ACCENT_COLOR_NAME = AccentColor;
				CODE_SIGN_STYLE = Automatic;
				CURRENT_PROJECT_VERSION = 1;
				DEVELOPMENT_ASSET_PATHS = "\"dynamicIslandNotificationTest/Preview Content\"";
				DEVELOPMENT_TEAM = 2395GXY864;
				ENABLE_PREVIEWS = YES;
				GENERATE_INFOPLIST_FILE = YES;
				INFOPLIST_KEY_CFBundleDisplayName = "Apple Newton";
				INFOPLIST_KEY_NSSupportsLiveActivities = YES;
				INFOPLIST_KEY_UIApplicationSceneManifest_Generation = YES;
				INFOPLIST_KEY_UIApplicationSupportsIndirectInputEvents = YES;
				INFOPLIST_KEY_UILaunchScreen_Generation = YES;
				INFOPLIST_KEY_UISupportedInterfaceOrientations = "UIInterfaceOrientationLandscapeLeft UIInterfaceOrientationLandscapeRight UIInterfaceOrientationPortrait";
				INFOPLIST_KEY_UISupportedInterfaceOrientations_iPad = "UIInterfaceOrientationLandscapeRight UIInterfaceOrientationPortrait UIInterfaceOrientationPortraitUpsideDown";
				LD_RUNPATH_SEARCH_PATHS = (
					"$(inherited)",
					"@executable_path/Frameworks",
				);
				MARKETING_VERSION = 1.0;
				PRODUCT_BUNDLE_IDENTIFIER = DPG.dynamicIslandNotificationTest;
				PRODUCT_NAME = "$(TARGET_NAME)";
				SWIFT_EMIT_LOC_STRINGS = YES;
				SWIFT_VERSION = 5.0;
				TARGETED_DEVICE_FAMILY = "1,2";
			};
			name = Release;
		};
		C1E847C82CF8FD6800F0FC9C /* Debug */ = {
			isa = XCBuildConfiguration;
			buildSettings = {
				BUNDLE_LOADER = "$(TEST_HOST)";
				CODE_SIGN_STYLE = Automatic;
				CURRENT_PROJECT_VERSION = 1;
				DEVELOPMENT_TEAM = 2395GXY864;
				GENERATE_INFOPLIST_FILE = YES;
				IPHONEOS_DEPLOYMENT_TARGET = 18.1;
				MARKETING_VERSION = 1.0;
				PRODUCT_BUNDLE_IDENTIFIER = DPG.dynamicIslandNotificationTestTests;
				PRODUCT_NAME = "$(TARGET_NAME)";
				SWIFT_EMIT_LOC_STRINGS = NO;
				SWIFT_VERSION = 5.0;
				TARGETED_DEVICE_FAMILY = "1,2";
				TEST_HOST = "$(BUILT_PRODUCTS_DIR)/dynamicIslandNotificationTest.app/$(BUNDLE_EXECUTABLE_FOLDER_PATH)/dynamicIslandNotificationTest";
			};
			name = Debug;
		};
		C1E847C92CF8FD6800F0FC9C /* Release */ = {
			isa = XCBuildConfiguration;
			buildSettings = {
				BUNDLE_LOADER = "$(TEST_HOST)";
				CODE_SIGN_STYLE = Automatic;
				CURRENT_PROJECT_VERSION = 1;
				DEVELOPMENT_TEAM = 2395GXY864;
				GENERATE_INFOPLIST_FILE = YES;
				IPHONEOS_DEPLOYMENT_TARGET = 18.1;
				MARKETING_VERSION = 1.0;
				PRODUCT_BUNDLE_IDENTIFIER = DPG.dynamicIslandNotificationTestTests;
				PRODUCT_NAME = "$(TARGET_NAME)";
				SWIFT_EMIT_LOC_STRINGS = NO;
				SWIFT_VERSION = 5.0;
				TARGETED_DEVICE_FAMILY = "1,2";
				TEST_HOST = "$(BUILT_PRODUCTS_DIR)/dynamicIslandNotificationTest.app/$(BUNDLE_EXECUTABLE_FOLDER_PATH)/dynamicIslandNotificationTest";
			};
			name = Release;
		};
		C1E847CB2CF8FD6800F0FC9C /* Debug */ = {
			isa = XCBuildConfiguration;
			buildSettings = {
				CODE_SIGN_STYLE = Automatic;
				CURRENT_PROJECT_VERSION = 1;
				DEVELOPMENT_TEAM = 2395GXY864;
				GENERATE_INFOPLIST_FILE = YES;
				MARKETING_VERSION = 1.0;
				PRODUCT_BUNDLE_IDENTIFIER = DPG.dynamicIslandNotificationTestUITests;
				PRODUCT_NAME = "$(TARGET_NAME)";
				SWIFT_EMIT_LOC_STRINGS = NO;
				SWIFT_VERSION = 5.0;
				TARGETED_DEVICE_FAMILY = "1,2";
				TEST_TARGET_NAME = dynamicIslandNotificationTest;
			};
			name = Debug;
		};
		C1E847CC2CF8FD6800F0FC9C /* Release */ = {
			isa = XCBuildConfiguration;
			buildSettings = {
				CODE_SIGN_STYLE = Automatic;
				CURRENT_PROJECT_VERSION = 1;
				DEVELOPMENT_TEAM = 2395GXY864;
				GENERATE_INFOPLIST_FILE = YES;
				MARKETING_VERSION = 1.0;
				PRODUCT_BUNDLE_IDENTIFIER = DPG.dynamicIslandNotificationTestUITests;
				PRODUCT_NAME = "$(TARGET_NAME)";
				SWIFT_EMIT_LOC_STRINGS = NO;
				SWIFT_VERSION = 5.0;
				TARGETED_DEVICE_FAMILY = "1,2";
				TEST_TARGET_NAME = dynamicIslandNotificationTest;
			};
			name = Release;
		};
		C1E847E72CF904B900F0FC9C /* Debug */ = {
			isa = XCBuildConfiguration;
			buildSettings = {
				ASSETCATALOG_COMPILER_GLOBAL_ACCENT_COLOR_NAME = AccentColor;
				ASSETCATALOG_COMPILER_WIDGET_BACKGROUND_COLOR_NAME = WidgetBackground;
				CODE_SIGN_STYLE = Automatic;
				CURRENT_PROJECT_VERSION = 1;
				DEVELOPMENT_TEAM = "";
				GENERATE_INFOPLIST_FILE = YES;
				INFOPLIST_FILE = NotificationWidget/Info.plist;
				INFOPLIST_KEY_CFBundleDisplayName = NotificationWidget;
				INFOPLIST_KEY_LSApplicationCategoryType = "";
				INFOPLIST_KEY_NSHumanReadableCopyright = "";
				INFOPLIST_KEY_NSSupportsLiveActivities = YES;
				LD_RUNPATH_SEARCH_PATHS = (
					"$(inherited)",
					"@executable_path/Frameworks",
					"@executable_path/../../Frameworks",
				);
				MARKETING_VERSION = 1.0;
				PRODUCT_BUNDLE_IDENTIFIER = DPG.dynamicIslandNotificationTest.NotificationWidget;
				PRODUCT_NAME = "$(TARGET_NAME)";
				SKIP_INSTALL = YES;
				SWIFT_EMIT_LOC_STRINGS = YES;
				SWIFT_VERSION = 5.0;
				TARGETED_DEVICE_FAMILY = "1,2";
			};
			name = Debug;
		};
		C1E847E82CF904B900F0FC9C /* Release */ = {
			isa = XCBuildConfiguration;
			buildSettings = {
				ASSETCATALOG_COMPILER_GLOBAL_ACCENT_COLOR_NAME = AccentColor;
				ASSETCATALOG_COMPILER_WIDGET_BACKGROUND_COLOR_NAME = WidgetBackground;
				CODE_SIGN_STYLE = Automatic;
				CURRENT_PROJECT_VERSION = 1;
				DEVELOPMENT_TEAM = "";
				GENERATE_INFOPLIST_FILE = YES;
				INFOPLIST_FILE = NotificationWidget/Info.plist;
				INFOPLIST_KEY_CFBundleDisplayName = NotificationWidget;
				INFOPLIST_KEY_LSApplicationCategoryType = "";
				INFOPLIST_KEY_NSHumanReadableCopyright = "";
				INFOPLIST_KEY_NSSupportsLiveActivities = YES;
				LD_RUNPATH_SEARCH_PATHS = (
					"$(inherited)",
					"@executable_path/Frameworks",
					"@executable_path/../../Frameworks",
				);
				MARKETING_VERSION = 1.0;
				PRODUCT_BUNDLE_IDENTIFIER = DPG.dynamicIslandNotificationTest.NotificationWidget;
				PRODUCT_NAME = "$(TARGET_NAME)";
				SKIP_INSTALL = YES;
				SWIFT_EMIT_LOC_STRINGS = YES;
				SWIFT_VERSION = 5.0;
				TARGETED_DEVICE_FAMILY = "1,2";
			};
			name = Release;
		};
/* End XCBuildConfiguration section */

/* Begin XCConfigurationList section */
		C1E8479B2CF8FD6600F0FC9C /* Build configuration list for PBXProject "dynamicIslandNotificationTest" */ = {
			isa = XCConfigurationList;
			buildConfigurations = (
				C1E847C22CF8FD6800F0FC9C /* Debug */,
				C1E847C32CF8FD6800F0FC9C /* Release */,
			);
			defaultConfigurationIsVisible = 0;
			defaultConfigurationName = Release;
		};
		C1E847C42CF8FD6800F0FC9C /* Build configuration list for PBXNativeTarget "dynamicIslandNotificationTest" */ = {
			isa = XCConfigurationList;
			buildConfigurations = (
				C1E847C52CF8FD6800F0FC9C /* Debug */,
				C1E847C62CF8FD6800F0FC9C /* Release */,
			);
			defaultConfigurationIsVisible = 0;
			defaultConfigurationName = Release;
		};
		C1E847C72CF8FD6800F0FC9C /* Build configuration list for PBXNativeTarget "dynamicIslandNotificationTestTests" */ = {
			isa = XCConfigurationList;
			buildConfigurations = (
				C1E847C82CF8FD6800F0FC9C /* Debug */,
				C1E847C92CF8FD6800F0FC9C /* Release */,
			);
			defaultConfigurationIsVisible = 0;
			defaultConfigurationName = Release;
		};
		C1E847CA2CF8FD6800F0FC9C /* Build configuration list for PBXNativeTarget "dynamicIslandNotificationTestUITests" */ = {
			isa = XCConfigurationList;
			buildConfigurations = (
				C1E847CB2CF8FD6800F0FC9C /* Debug */,
				C1E847CC2CF8FD6800F0FC9C /* Release */,
			);
			defaultConfigurationIsVisible = 0;
			defaultConfigurationName = Release;
		};
		C1E847E62CF904B900F0FC9C /* Build configuration list for PBXNativeTarget "NotificationWidgetExtension" */ = {
			isa = XCConfigurationList;
			buildConfigurations = (
				C1E847E72CF904B900F0FC9C /* Debug */,
				C1E847E82CF904B900F0FC9C /* Release */,
			);
			defaultConfigurationIsVisible = 0;
			defaultConfigurationName = Release;
		};
/* End XCConfigurationList section */
	};
	rootObject = C1E847982CF8FD6600F0FC9C /* Project object */;
}
